// !$*UTF8*$!
{
	archiveVersion = 1;
	classes = {
	};
	objectVersion = 46;
	objects = {

/* Begin PBXBuildFile section */
		E5D442EF1EB8FF21002F7FF2 /* AddReminderViewController.m in Sources */ = {isa = PBXBuildFile; fileRef = E5D442EE1EB8FF21002F7FF2 /* AddReminderViewController.m */; };
		E5D443001EB91B57002F7FF2 /* LocationController.m in Sources */ = {isa = PBXBuildFile; fileRef = E5D442FF1EB91B57002F7FF2 /* LocationController.m */; };
		E5DA2A121EB7AC0100FCC53B /* main.m in Sources */ = {isa = PBXBuildFile; fileRef = E5DA2A111EB7AC0100FCC53B /* main.m */; };
		E5DA2A151EB7AC0100FCC53B /* AppDelegate.m in Sources */ = {isa = PBXBuildFile; fileRef = E5DA2A141EB7AC0100FCC53B /* AppDelegate.m */; };
		E5DA2A181EB7AC0100FCC53B /* HomeViewController.m in Sources */ = {isa = PBXBuildFile; fileRef = E5DA2A171EB7AC0100FCC53B /* HomeViewController.m */; };
		E5DA2A1B1EB7AC0100FCC53B /* Main.storyboard in Resources */ = {isa = PBXBuildFile; fileRef = E5DA2A191EB7AC0100FCC53B /* Main.storyboard */; };
		E5DA2A1D1EB7AC0100FCC53B /* Assets.xcassets in Resources */ = {isa = PBXBuildFile; fileRef = E5DA2A1C1EB7AC0100FCC53B /* Assets.xcassets */; };
		E5DA2A201EB7AC0100FCC53B /* LaunchScreen.storyboard in Resources */ = {isa = PBXBuildFile; fileRef = E5DA2A1E1EB7AC0100FCC53B /* LaunchScreen.storyboard */; };
		E5DA2A2A1EB7B2D400FCC53B /* Bolts.framework in Frameworks */ = {isa = PBXBuildFile; fileRef = E5DA2A281EB7B2D400FCC53B /* Bolts.framework */; };
		E5DA2A2B1EB7B2D400FCC53B /* Parse.framework in Frameworks */ = {isa = PBXBuildFile; fileRef = E5DA2A291EB7B2D400FCC53B /* Parse.framework */; };
		E5DA2A2D1EB7B30F00FCC53B /* Parse.framework in CopyFiles */ = {isa = PBXBuildFile; fileRef = E5DA2A291EB7B2D400FCC53B /* Parse.framework */; settings = {ATTRIBUTES = (CodeSignOnCopy, RemoveHeadersOnCopy, ); }; };
		E5DA2A2E1EB7B31700FCC53B /* Bolts.framework in CopyFiles */ = {isa = PBXBuildFile; fileRef = E5DA2A281EB7B2D400FCC53B /* Bolts.framework */; settings = {ATTRIBUTES = (CodeSignOnCopy, RemoveHeadersOnCopy, ); }; };
		E5DA2A301EB7C0CC00FCC53B /* MapKit.framework in Frameworks */ = {isa = PBXBuildFile; fileRef = E5DA2A2F1EB7C0CC00FCC53B /* MapKit.framework */; };
/* End PBXBuildFile section */

/* Begin PBXCopyFilesBuildPhase section */
		E5DA2A2C1EB7B2F300FCC53B /* CopyFiles */ = {
			isa = PBXCopyFilesBuildPhase;
			buildActionMask = 2147483647;
			dstPath = "";
			dstSubfolderSpec = 10;
			files = (
				E5DA2A2E1EB7B31700FCC53B /* Bolts.framework in CopyFiles */,
				E5DA2A2D1EB7B30F00FCC53B /* Parse.framework in CopyFiles */,
			);
			runOnlyForDeploymentPostprocessing = 0;
		};
/* End PBXCopyFilesBuildPhase section */

/* Begin PBXFileReference section */
		E5D442ED1EB8FF21002F7FF2 /* AddReminderViewController.h */ = {isa = PBXFileReference; fileEncoding = 4; lastKnownFileType = sourcecode.c.h; path = AddReminderViewController.h; sourceTree = "<group>"; };
		E5D442EE1EB8FF21002F7FF2 /* AddReminderViewController.m */ = {isa = PBXFileReference; fileEncoding = 4; lastKnownFileType = sourcecode.c.objc; path = AddReminderViewController.m; sourceTree = "<group>"; };
		E5D442FE1EB91B57002F7FF2 /* LocationController.h */ = {isa = PBXFileReference; fileEncoding = 4; lastKnownFileType = sourcecode.c.h; name = LocationController.h; path = ../LocationController.h; sourceTree = "<group>"; };
		E5D442FF1EB91B57002F7FF2 /* LocationController.m */ = {isa = PBXFileReference; fileEncoding = 4; lastKnownFileType = sourcecode.c.objc; name = LocationController.m; path = ../LocationController.m; sourceTree = "<group>"; };
		E5D443011EB91EE1002F7FF2 /* LocationControllerDelegate.h */ = {isa = PBXFileReference; fileEncoding = 4; lastKnownFileType = sourcecode.c.h; path = LocationControllerDelegate.h; sourceTree = "<group>"; };
		E5DA2A0D1EB7AC0100FCC53B /* LocationReminders.app */ = {isa = PBXFileReference; explicitFileType = wrapper.application; includeInIndex = 0; path = LocationReminders.app; sourceTree = BUILT_PRODUCTS_DIR; };
		E5DA2A111EB7AC0100FCC53B /* main.m */ = {isa = PBXFileReference; lastKnownFileType = sourcecode.c.objc; path = main.m; sourceTree = "<group>"; };
		E5DA2A131EB7AC0100FCC53B /* AppDelegate.h */ = {isa = PBXFileReference; lastKnownFileType = sourcecode.c.h; path = AppDelegate.h; sourceTree = "<group>"; };
		E5DA2A141EB7AC0100FCC53B /* AppDelegate.m */ = {isa = PBXFileReference; lastKnownFileType = sourcecode.c.objc; path = AppDelegate.m; sourceTree = "<group>"; };
		E5DA2A161EB7AC0100FCC53B /* HomeViewController.h */ = {isa = PBXFileReference; lastKnownFileType = sourcecode.c.h; path = HomeViewController.h; sourceTree = "<group>"; };
		E5DA2A171EB7AC0100FCC53B /* HomeViewController.m */ = {isa = PBXFileReference; lastKnownFileType = sourcecode.c.objc; path = HomeViewController.m; sourceTree = "<group>"; };
		E5DA2A1A1EB7AC0100FCC53B /* Base */ = {isa = PBXFileReference; lastKnownFileType = file.storyboard; name = Base; path = Base.lproj/Main.storyboard; sourceTree = "<group>"; };
		E5DA2A1C1EB7AC0100FCC53B /* Assets.xcassets */ = {isa = PBXFileReference; lastKnownFileType = folder.assetcatalog; path = Assets.xcassets; sourceTree = "<group>"; };
		E5DA2A1F1EB7AC0100FCC53B /* Base */ = {isa = PBXFileReference; lastKnownFileType = file.storyboard; name = Base; path = Base.lproj/LaunchScreen.storyboard; sourceTree = "<group>"; };
		E5DA2A211EB7AC0100FCC53B /* Info.plist */ = {isa = PBXFileReference; lastKnownFileType = text.plist.xml; path = Info.plist; sourceTree = "<group>"; };
		E5DA2A281EB7B2D400FCC53B /* Bolts.framework */ = {isa = PBXFileReference; lastKnownFileType = wrapper.framework; name = Bolts.framework; path = Carthage/Build/iOS/Bolts.framework; sourceTree = "<group>"; };
		E5DA2A291EB7B2D400FCC53B /* Parse.framework */ = {isa = PBXFileReference; lastKnownFileType = wrapper.framework; name = Parse.framework; path = Carthage/Build/iOS/Parse.framework; sourceTree = "<group>"; };
		E5DA2A2F1EB7C0CC00FCC53B /* MapKit.framework */ = {isa = PBXFileReference; lastKnownFileType = wrapper.framework; name = MapKit.framework; path = System/Library/Frameworks/MapKit.framework; sourceTree = SDKROOT; };
/* End PBXFileReference section */

/* Begin PBXFrameworksBuildPhase section */
		E5DA2A0A1EB7AC0100FCC53B /* Frameworks */ = {
			isa = PBXFrameworksBuildPhase;
			buildActionMask = 2147483647;
			files = (
				E5DA2A2A1EB7B2D400FCC53B /* Bolts.framework in Frameworks */,
				E5DA2A301EB7C0CC00FCC53B /* MapKit.framework in Frameworks */,
				E5DA2A2B1EB7B2D400FCC53B /* Parse.framework in Frameworks */,
			);
			runOnlyForDeploymentPostprocessing = 0;
		};
/* End PBXFrameworksBuildPhase section */

/* Begin PBXGroup section */
		E5D443021EB91EF1002F7FF2 /* Controller */ = {
			isa = PBXGroup;
			children = (
				E5D443011EB91EE1002F7FF2 /* LocationControllerDelegate.h */,
				E5D442FE1EB91B57002F7FF2 /* LocationController.h */,
				E5D442FF1EB91B57002F7FF2 /* LocationController.m */,
				E5DA2A161EB7AC0100FCC53B /* HomeViewController.h */,
				E5DA2A171EB7AC0100FCC53B /* HomeViewController.m */,
				E5D442ED1EB8FF21002F7FF2 /* AddReminderViewController.h */,
				E5D442EE1EB8FF21002F7FF2 /* AddReminderViewController.m */,
			);
			name = Controller;
			sourceTree = "<group>";
		};
		E5D443031EB91F70002F7FF2 /* View */ = {
			isa = PBXGroup;
			children = (
				E5DA2A1E1EB7AC0100FCC53B /* LaunchScreen.storyboard */,
				E5DA2A1C1EB7AC0100FCC53B /* Assets.xcassets */,
				E5DA2A191EB7AC0100FCC53B /* Main.storyboard */,
			);
			name = View;
			sourceTree = "<group>";
		};
		E5D443041EB91F86002F7FF2 /* Model */ = {
			isa = PBXGroup;
			children = (
				E5DA2A131EB7AC0100FCC53B /* AppDelegate.h */,
				E5DA2A141EB7AC0100FCC53B /* AppDelegate.m */,
				E5DA2A211EB7AC0100FCC53B /* Info.plist */,
			);
			name = Model;
			sourceTree = "<group>";
		};
		E5DA2A041EB7AC0100FCC53B = {
			isa = PBXGroup;
			children = (
				E5DA2A0F1EB7AC0100FCC53B /* LocationReminders */,
				E5DA2A0E1EB7AC0100FCC53B /* Products */,
				E5DA2A271EB7B2D400FCC53B /* Frameworks */,
			);
			sourceTree = "<group>";
		};
		E5DA2A0E1EB7AC0100FCC53B /* Products */ = {
			isa = PBXGroup;
			children = (
				E5DA2A0D1EB7AC0100FCC53B /* LocationReminders.app */,
			);
			name = Products;
			sourceTree = "<group>";
		};
		E5DA2A0F1EB7AC0100FCC53B /* LocationReminders */ = {
			isa = PBXGroup;
			children = (
				E5D443041EB91F86002F7FF2 /* Model */,
				E5D443021EB91EF1002F7FF2 /* Controller */,
				E5D443031EB91F70002F7FF2 /* View */,
				E5DA2A101EB7AC0100FCC53B /* Supporting Files */,
			);
			path = LocationReminders;
			sourceTree = "<group>";
		};
		E5DA2A101EB7AC0100FCC53B /* Supporting Files */ = {
			isa = PBXGroup;
			children = (
				E5DA2A111EB7AC0100FCC53B /* main.m */,
			);
			name = "Supporting Files";
			sourceTree = "<group>";
		};
		E5DA2A271EB7B2D400FCC53B /* Frameworks */ = {
			isa = PBXGroup;
			children = (
				E5DA2A2F1EB7C0CC00FCC53B /* MapKit.framework */,
				E5DA2A281EB7B2D400FCC53B /* Bolts.framework */,
				E5DA2A291EB7B2D400FCC53B /* Parse.framework */,
			);
			name = Frameworks;
			sourceTree = "<group>";
		};
/* End PBXGroup section */

/* Begin PBXNativeTarget section */
		E5DA2A0C1EB7AC0100FCC53B /* LocationReminders */ = {
			isa = PBXNativeTarget;
			buildConfigurationList = E5DA2A241EB7AC0100FCC53B /* Build configuration list for PBXNativeTarget "LocationReminders" */;
			buildPhases = (
				E5DA2A091EB7AC0100FCC53B /* Sources */,
				E5DA2A0A1EB7AC0100FCC53B /* Frameworks */,
				E5DA2A0B1EB7AC0100FCC53B /* Resources */,
				E5DA2A2C1EB7B2F300FCC53B /* CopyFiles */,
			);
			buildRules = (
			);
			dependencies = (
			);
			name = LocationReminders;
			productName = LocationReminders;
			productReference = E5DA2A0D1EB7AC0100FCC53B /* LocationReminders.app */;
			productType = "com.apple.product-type.application";
		};
/* End PBXNativeTarget section */

/* Begin PBXProject section */
		E5DA2A051EB7AC0100FCC53B /* Project object */ = {
			isa = PBXProject;
			attributes = {
				LastUpgradeCheck = 0830;
				ORGANIZATIONNAME = "Kyle Hillman";
				TargetAttributes = {
					E5DA2A0C1EB7AC0100FCC53B = {
						CreatedOnToolsVersion = 8.3.2;
						DevelopmentTeam = 6ZL2QC28LX;
						ProvisioningStyle = Automatic;
						SystemCapabilities = {
							com.apple.Maps.iOS = {
								enabled = 1;
							};
						};
					};
				};
			};
			buildConfigurationList = E5DA2A081EB7AC0100FCC53B /* Build configuration list for PBXProject "LocationReminders" */;
			compatibilityVersion = "Xcode 3.2";
			developmentRegion = English;
			hasScannedForEncodings = 0;
			knownRegions = (
				en,
				Base,
			);
			mainGroup = E5DA2A041EB7AC0100FCC53B;
			productRefGroup = E5DA2A0E1EB7AC0100FCC53B /* Products */;
			projectDirPath = "";
			projectRoot = "";
			targets = (
				E5DA2A0C1EB7AC0100FCC53B /* LocationReminders */,
			);
		};
/* End PBXProject section */

/* Begin PBXResourcesBuildPhase section */
		E5DA2A0B1EB7AC0100FCC53B /* Resources */ = {
			isa = PBXResourcesBuildPhase;
			buildActionMask = 2147483647;
			files = (
				E5DA2A201EB7AC0100FCC53B /* LaunchScreen.storyboard in Resources */,
				E5DA2A1D1EB7AC0100FCC53B /* Assets.xcassets in Resources */,
				E5DA2A1B1EB7AC0100FCC53B /* Main.storyboard in Resources */,
			);
			runOnlyForDeploymentPostprocessing = 0;
		};
/* End PBXResourcesBuildPhase section */

/* Begin PBXSourcesBuildPhase section */
		E5DA2A091EB7AC0100FCC53B /* Sources */ = {
			isa = PBXSourcesBuildPhase;
			buildActionMask = 2147483647;
			files = (
				E5D443001EB91B57002F7FF2 /* LocationController.m in Sources */,
				E5D442EF1EB8FF21002F7FF2 /* AddReminderViewController.m in Sources */,
				E5DA2A181EB7AC0100FCC53B /* HomeViewController.m in Sources */,
				E5DA2A151EB7AC0100FCC53B /* AppDelegate.m in Sources */,
				E5DA2A121EB7AC0100FCC53B /* main.m in Sources */,
			);
			runOnlyForDeploymentPostprocessing = 0;
		};
/* End PBXSourcesBuildPhase section */

/* Begin PBXVariantGroup section */
		E5DA2A191EB7AC0100FCC53B /* Main.storyboard */ = {
			isa = PBXVariantGroup;
			children = (
				E5DA2A1A1EB7AC0100FCC53B /* Base */,
			);
			name = Main.storyboard;
			sourceTree = "<group>";
		};
		E5DA2A1E1EB7AC0100FCC53B /* LaunchScreen.storyboard */ = {
			isa = PBXVariantGroup;
			children = (
				E5DA2A1F1EB7AC0100FCC53B /* Base */,
			);
			name = LaunchScreen.storyboard;
			sourceTree = "<group>";
		};
/* End PBXVariantGroup section */

/* Begin XCBuildConfiguration section */
		E5DA2A221EB7AC0100FCC53B /* Debug */ = {
			isa = XCBuildConfiguration;
			buildSettings = {
				ALWAYS_SEARCH_USER_PATHS = NO;
				CLANG_ANALYZER_NONNULL = YES;
				CLANG_ANALYZER_NUMBER_OBJECT_CONVERSION = YES_AGGRESSIVE;
				CLANG_CXX_LANGUAGE_STANDARD = "gnu++0x";
				CLANG_CXX_LIBRARY = "libc++";
				CLANG_ENABLE_MODULES = YES;
				CLANG_ENABLE_OBJC_ARC = YES;
				CLANG_WARN_BOOL_CONVERSION = YES;
				CLANG_WARN_CONSTANT_CONVERSION = YES;
				CLANG_WARN_DIRECT_OBJC_ISA_USAGE = YES_ERROR;
				CLANG_WARN_DOCUMENTATION_COMMENTS = YES;
				CLANG_WARN_EMPTY_BODY = YES;
				CLANG_WARN_ENUM_CONVERSION = YES;
				CLANG_WARN_INFINITE_RECURSION = YES;
				CLANG_WARN_INT_CONVERSION = YES;
				CLANG_WARN_OBJC_ROOT_CLASS = YES_ERROR;
				CLANG_WARN_SUSPICIOUS_MOVE = YES;
				CLANG_WARN_UNREACHABLE_CODE = YES;
				CLANG_WARN__DUPLICATE_METHOD_MATCH = YES;
				"CODE_SIGN_IDENTITY[sdk=iphoneos*]" = "iPhone Developer";
				COPY_PHASE_STRIP = NO;
				DEBUG_INFORMATION_FORMAT = dwarf;
				ENABLE_STRICT_OBJC_MSGSEND = YES;
				ENABLE_TESTABILITY = YES;
				GCC_C_LANGUAGE_STANDARD = gnu99;
				GCC_DYNAMIC_NO_PIC = NO;
				GCC_NO_COMMON_BLOCKS = YES;
				GCC_OPTIMIZATION_LEVEL = 0;
				GCC_PREPROCESSOR_DEFINITIONS = (
					"DEBUG=1",
					"$(inherited)",
				);
				GCC_WARN_64_TO_32_BIT_CONVERSION = YES;
				GCC_WARN_ABOUT_RETURN_TYPE = YES_ERROR;
				GCC_WARN_UNDECLARED_SELECTOR = YES;
				GCC_WARN_UNINITIALIZED_AUTOS = YES_AGGRESSIVE;
				GCC_WARN_UNUSED_FUNCTION = YES;
				GCC_WARN_UNUSED_VARIABLE = YES;
				IPHONEOS_DEPLOYMENT_TARGET = 10.3;
				MTL_ENABLE_DEBUG_INFO = YES;
				ONLY_ACTIVE_ARCH = YES;
				SDKROOT = iphoneos;
				TARGETED_DEVICE_FAMILY = "1,2";
			};
			name = Debug;
		};
		E5DA2A231EB7AC0100FCC53B /* Release */ = {
			isa = XCBuildConfiguration;
			buildSettings = {
				ALWAYS_SEARCH_USER_PATHS = NO;
				CLANG_ANALYZER_NONNULL = YES;
				CLANG_ANALYZER_NUMBER_OBJECT_CONVERSION = YES_AGGRESSIVE;
				CLANG_CXX_LANGUAGE_STANDARD = "gnu++0x";
				CLANG_CXX_LIBRARY = "libc++";
				CLANG_ENABLE_MODULES = YES;
				CLANG_ENABLE_OBJC_ARC = YES;
				CLANG_WARN_BOOL_CONVERSION = YES;
				CLANG_WARN_CONSTANT_CONVERSION = YES;
				CLANG_WARN_DIRECT_OBJC_ISA_USAGE = YES_ERROR;
				CLANG_WARN_DOCUMENTATION_COMMENTS = YES;
				CLANG_WARN_EMPTY_BODY = YES;
				CLANG_WARN_ENUM_CONVERSION = YES;
				CLANG_WARN_INFINITE_RECURSION = YES;
				CLANG_WARN_INT_CONVERSION = YES;
				CLANG_WARN_OBJC_ROOT_CLASS = YES_ERROR;
				CLANG_WARN_SUSPICIOUS_MOVE = YES;
				CLANG_WARN_UNREACHABLE_CODE = YES;
				CLANG_WARN__DUPLICATE_METHOD_MATCH = YES;
				"CODE_SIGN_IDENTITY[sdk=iphoneos*]" = "iPhone Developer";
				COPY_PHASE_STRIP = NO;
				DEBUG_INFORMATION_FORMAT = "dwarf-with-dsym";
				ENABLE_NS_ASSERTIONS = NO;
				ENABLE_STRICT_OBJC_MSGSEND = YES;
				GCC_C_LANGUAGE_STANDARD = gnu99;
				GCC_NO_COMMON_BLOCKS = YES;
				GCC_WARN_64_TO_32_BIT_CONVERSION = YES;
				GCC_WARN_ABOUT_RETURN_TYPE = YES_ERROR;
				GCC_WARN_UNDECLARED_SELECTOR = YES;
				GCC_WARN_UNINITIALIZED_AUTOS = YES_AGGRESSIVE;
				GCC_WARN_UNUSED_FUNCTION = YES;
				GCC_WARN_UNUSED_VARIABLE = YES;
				IPHONEOS_DEPLOYMENT_TARGET = 10.3;
				MTL_ENABLE_DEBUG_INFO = NO;
				SDKROOT = iphoneos;
				TARGETED_DEVICE_FAMILY = "1,2";
				VALIDATE_PRODUCT = YES;
			};
			name = Release;
		};
		E5DA2A251EB7AC0100FCC53B /* Debug */ = {
			isa = XCBuildConfiguration;
			buildSettings = {
				ASSETCATALOG_COMPILER_APPICON_NAME = AppIcon;
				DEVELOPMENT_TEAM = 6ZL2QC28LX;
				FRAMEWORK_SEARCH_PATHS = (
					"$(inherited)",
					"$(PROJECT_DIR)/Carthage/Build/iOS",
				);
				INFOPLIST_FILE = LocationReminders/Info.plist;
				LD_RUNPATH_SEARCH_PATHS = "$(inherited) @executable_path/Frameworks";
				PRODUCT_BUNDLE_IDENTIFIER = kylehillman.LocationReminders;
				PRODUCT_NAME = "$(TARGET_NAME)";
			};
			name = Debug;
		};
		E5DA2A261EB7AC0100FCC53B /* Release */ = {
			isa = XCBuildConfiguration;
			buildSettings = {
				ASSETCATALOG_COMPILER_APPICON_NAME = AppIcon;
				DEVELOPMENT_TEAM = 6ZL2QC28LX;
				FRAMEWORK_SEARCH_PATHS = (
					"$(inherited)",
					"$(PROJECT_DIR)/Carthage/Build/iOS",
				);
				INFOPLIST_FILE = LocationReminders/Info.plist;
				LD_RUNPATH_SEARCH_PATHS = "$(inherited) @executable_path/Frameworks";
				PRODUCT_BUNDLE_IDENTIFIER = kylehillman.LocationReminders;
				PRODUCT_NAME = "$(TARGET_NAME)";
			};
			name = Release;
		};
/* End XCBuildConfiguration section */

/* Begin XCConfigurationList section */
		E5DA2A081EB7AC0100FCC53B /* Build configuration list for PBXProject "LocationReminders" */ = {
			isa = XCConfigurationList;
			buildConfigurations = (
				E5DA2A221EB7AC0100FCC53B /* Debug */,
				E5DA2A231EB7AC0100FCC53B /* Release */,
			);
			defaultConfigurationIsVisible = 0;
			defaultConfigurationName = Release;
		};
		E5DA2A241EB7AC0100FCC53B /* Build configuration list for PBXNativeTarget "LocationReminders" */ = {
			isa = XCConfigurationList;
			buildConfigurations = (
				E5DA2A251EB7AC0100FCC53B /* Debug */,
				E5DA2A261EB7AC0100FCC53B /* Release */,
			);
			defaultConfigurationIsVisible = 0;
			defaultConfigurationName = Release;
		};
/* End XCConfigurationList section */
	};
	rootObject = E5DA2A051EB7AC0100FCC53B /* Project object */;
}
